{
  "name": "kapseli",
  "version": "1.0.0",
  "lockfileVersion": 1,
  "requires": true,
  "dependencies": {
    "million": {
      "version": "0.2.2",
      "resolved": "https://registry.npmjs.org/million/-/million-0.2.2.tgz",
      "integrity": "sha512-qbQxDHp/KBMfLffbs3wjN83dQy9OpMS36Nzl4cJtdEFimjTgko1qfbPuNLSocwZkUH5sBy5q/ggT7NOpBIvFcg=="
    }
  }
}
